
Microsoft Visual Studio Solution File, Format Version 12.00
# 
Project("{FAE04EC0-301F-11D3-BF4B-00C04F79EFBC}") = "Warehouse.Presentation", "Warehouse.Presentation\Warehouse.Presentation.csproj", "{27AC57C8-F010-4F2C-B6FF-863CCA622C16}"
EndProject
Project("{FAE04EC0-301F-11D3-BF4B-00C04F79EFBC}") = "Warehouse.Domain", "Warehouse.Domain\Warehouse.Domain.csproj", "{58CD78ED-B964-4399-8E0D-521CCBF2C7E5}"
EndProject
Project("{FAE04EC0-301F-11D3-BF4B-00C04F79EFBC}") = "Warehouse.Application", "Warehouse.Application\Warehouse.Application.csproj", "{BE8074F9-9A5A-4AFF-AD83-D4FB69965DB4}"
EndProject
Project("{FAE04EC0-301F-11D3-BF4B-00C04F79EFBC}") = "Warehouse.Infrastructure", "Warehouse.Infrastructure\Warehouse.Infrastructure.csproj", "{4919C25F-1DF0-4043-8C3C-F78420847895}"
EndProject
Project("{FAE04EC0-301F-11D3-BF4B-00C04F79EFBC}") = "Warehouse.Notifications.Api", "Warehouse.Notifications.Api\Warehouse.Notifications.Api.csproj", "{C98D6418-AA3B-453D-A65A-FA12B3FC94F7}"
EndProject
Project("{FAE04EC0-301F-11D3-BF4B-00C04F79EFBC}") = "Warehouse.IntegrationEvents", "Warehouse.IntegrationEvents\Warehouse.IntegrationEvents.csproj", "{FD7FFCB9-16FF-4DCB-A714-A20731A3FC6D}"
EndProject
Project("{2150E333-8FDC-42A3-9474-1A3956D46DE8}") = "tests", "tests", "{BFAD4AE7-5B03-49E6-BE16-2E2157AFB1D5}"
EndProject
Project("{FAE04EC0-301F-11D3-BF4B-00C04F79EFBC}") = "Warehouse.Api.UnitTests", "tests\Warehouse.Api.UnitTests\Warehouse.Api.UnitTests.csproj", "{C4ECE51E-B7D1-4F96-84AC-FB8BFB82FA2E}"
EndProject
Project("{FAE04EC0-301F-11D3-BF4B-00C04F79EFBC}") = "Warehouse.Api.IntegrationTests", "tests\Warehouse.Api.IntegrationTests\Warehouse.Api.IntegrationTests.csproj", "{4797EDBC-442D-43C9-9296-3461539044E1}"
EndProject
Global
	GlobalSection(SolutionConfigurationPlatforms) = preSolution
		Debug|Any CPU = Debug|Any CPU
		Release|Any CPU = Release|Any CPU
	EndGlobalSection
	GlobalSection(ProjectConfigurationPlatforms) = postSolution
		{27AC57C8-F010-4F2C-B6FF-863CCA622C16}.Debug|Any CPU.ActiveCfg = Debug|Any CPU
		{27AC57C8-F010-4F2C-B6FF-863CCA622C16}.Debug|Any CPU.Build.0 = Debug|Any CPU
		{27AC57C8-F010-4F2C-B6FF-863CCA622C16}.Release|Any CPU.ActiveCfg = Release|Any CPU
		{27AC57C8-F010-4F2C-B6FF-863CCA622C16}.Release|Any CPU.Build.0 = Release|Any CPU
		{58CD78ED-B964-4399-8E0D-521CCBF2C7E5}.Debug|Any CPU.ActiveCfg = Debug|Any CPU
		{58CD78ED-B964-4399-8E0D-521CCBF2C7E5}.Debug|Any CPU.Build.0 = Debug|Any CPU
		{58CD78ED-B964-4399-8E0D-521CCBF2C7E5}.Release|Any CPU.ActiveCfg = Release|Any CPU
		{58CD78ED-B964-4399-8E0D-521CCBF2C7E5}.Release|Any CPU.Build.0 = Release|Any CPU
		{BE8074F9-9A5A-4AFF-AD83-D4FB69965DB4}.Debug|Any CPU.ActiveCfg = Debug|Any CPU
		{BE8074F9-9A5A-4AFF-AD83-D4FB69965DB4}.Debug|Any CPU.Build.0 = Debug|Any CPU
		{BE8074F9-9A5A-4AFF-AD83-D4FB69965DB4}.Release|Any CPU.ActiveCfg = Release|Any CPU
		{BE8074F9-9A5A-4AFF-AD83-D4FB69965DB4}.Release|Any CPU.Build.0 = Release|Any CPU
		{4919C25F-1DF0-4043-8C3C-F78420847895}.Debug|Any CPU.ActiveCfg = Debug|Any CPU
		{4919C25F-1DF0-4043-8C3C-F78420847895}.Debug|Any CPU.Build.0 = Debug|Any CPU
		{4919C25F-1DF0-4043-8C3C-F78420847895}.Release|Any CPU.ActiveCfg = Release|Any CPU
		{4919C25F-1DF0-4043-8C3C-F78420847895}.Release|Any CPU.Build.0 = Release|Any CPU
		{C98D6418-AA3B-453D-A65A-FA12B3FC94F7}.Debug|Any CPU.ActiveCfg = Debug|Any CPU
		{C98D6418-AA3B-453D-A65A-FA12B3FC94F7}.Debug|Any CPU.Build.0 = Debug|Any CPU
		{C98D6418-AA3B-453D-A65A-FA12B3FC94F7}.Release|Any CPU.ActiveCfg = Release|Any CPU
		{C98D6418-AA3B-453D-A65A-FA12B3FC94F7}.Release|Any CPU.Build.0 = Release|Any CPU
		{FD7FFCB9-16FF-4DCB-A714-A20731A3FC6D}.Debug|Any CPU.ActiveCfg = Debug|Any CPU
		{FD7FFCB9-16FF-4DCB-A714-A20731A3FC6D}.Debug|Any CPU.Build.0 = Debug|Any CPU
		{FD7FFCB9-16FF-4DCB-A714-A20731A3FC6D}.Release|Any CPU.ActiveCfg = Release|Any CPU
		{FD7FFCB9-16FF-4DCB-A714-A20731A3FC6D}.Release|Any CPU.Build.0 = Release|Any CPU
		{C4ECE51E-B7D1-4F96-84AC-FB8BFB82FA2E}.Debug|Any CPU.ActiveCfg = Debug|Any CPU
		{C4ECE51E-B7D1-4F96-84AC-FB8BFB82FA2E}.Debug|Any CPU.Build.0 = Debug|Any CPU
		{C4ECE51E-B7D1-4F96-84AC-FB8BFB82FA2E}.Release|Any CPU.ActiveCfg = Release|Any CPU
		{C4ECE51E-B7D1-4F96-84AC-FB8BFB82FA2E}.Release|Any CPU.Build.0 = Release|Any CPU
		{4797EDBC-442D-43C9-9296-3461539044E1}.Debug|Any CPU.ActiveCfg = Debug|Any CPU
		{4797EDBC-442D-43C9-9296-3461539044E1}.Debug|Any CPU.Build.0 = Debug|Any CPU
		{4797EDBC-442D-43C9-9296-3461539044E1}.Release|Any CPU.ActiveCfg = Release|Any CPU
		{4797EDBC-442D-43C9-9296-3461539044E1}.Release|Any CPU.Build.0 = Release|Any CPU
	EndGlobalSection
	GlobalSection(NestedProjects) = preSolution
		{C4ECE51E-B7D1-4F96-84AC-FB8BFB82FA2E} = {BFAD4AE7-5B03-49E6-BE16-2E2157AFB1D5}
		{4797EDBC-442D-43C9-9296-3461539044E1} = {BFAD4AE7-5B03-49E6-BE16-2E2157AFB1D5}
	EndGlobalSection
EndGlobal
